
Microsoft Visual Studio Solution File, Format Version 12.00
# Visual Studio Version 16
VisualStudioVersion = 16.0.30320.27
MinimumVisualStudioVersion = 10.0.40219.1
Project("{8BC9CEB8-8B4A-11D0-8D11-00A0C91BC942}") = "Tetris", "Tetris\Tetris.vcxproj", "{51570991-079A-4E2E-BB17-B6D541724330}"
EndProject
Global
	GlobalSection(SolutionConfigurationPlatforms) = preSolution
		Debug|x64 = Debug|x64
		Debug|x86 = Debug|x86
		Release|x64 = Release|x64
		Release|x86 = Release|x86
	EndGlobalSection
	GlobalSection(ProjectConfigurationPlatforms) = postSolution
		{51570991-079A-4E2E-BB17-B6D541724330}.Debug|x64.ActiveCfg = Debug|x64
		{51570991-079A-4E2E-BB17-B6D541724330}.Debug|x64.Build.0 = Debug|x64
		{51570991-079A-4E2E-BB17-B6D541724330}.Debug|x86.ActiveCfg = Debug|Win32
		{51570991-079A-4E2E-BB17-B6D541724330}.Debug|x86.Build.0 = Debug|Win32
		{51570991-079A-4E2E-BB17-B6D541724330}.Release|x64.ActiveCfg = Release|x64
		{51570991-079A-4E2E-BB17-B6D541724330}.Release|x64.Build.0 = Release|x64
		{51570991-079A-4E2E-BB17-B6D541724330}.Release|x86.ActiveCfg = Release|Win32
		{51570991-079A-4E2E-BB17-B6D541724330}.Release|x86.Build.0 = Release|Win32
	EndGlobalSection
	GlobalSection(SolutionProperties) = preSolution
		HideSolutionNode = FALSE
	EndGlobalSection
	GlobalSection(ExtensibilityGlobals) = postSolution
		SolutionGuid = {5248584B-7834-462A-999C-8CC9C4C14098}
	EndGlobalSection
EndGlobal
